
Microsoft Visual Studio Solution File, Format Version 12.00
# Visual Studio Version 17
VisualStudioVersion = 17.13.35913.81 d17.13
MinimumVisualStudioVersion = 10.0.40219.1
Project("{FAE04EC0-301F-11D3-BF4B-00C04F79EFBC}") = "konspektnekitK", "konspektnekitK\konspektnekitK.csproj", "{A3F985C8-789A-4DF9-9EB2-DBBA6CDDD5AD}"
EndProject
Global
	GlobalSection(SolutionConfigurationPlatforms) = preSolution
		Debug|Any CPU = Debug|Any CPU
		Release|Any CPU = Release|Any CPU
	EndGlobalSection
	GlobalSection(ProjectConfigurationPlatforms) = postSolution
		{A3F985C8-789A-4DF9-9EB2-DBBA6CDDD5AD}.Debug|Any CPU.ActiveCfg = Debug|Any CPU
		{A3F985C8-789A-4DF9-9EB2-DBBA6CDDD5AD}.Debug|Any CPU.Build.0 = Debug|Any CPU
		{A3F985C8-789A-4DF9-9EB2-DBBA6CDDD5AD}.Release|Any CPU.ActiveCfg = Release|Any CPU
		{A3F985C8-789A-4DF9-9EB2-DBBA6CDDD5AD}.Release|Any CPU.Build.0 = Release|Any CPU
	EndGlobalSection
	GlobalSection(SolutionProperties) = preSolution
		HideSolutionNode = FALSE
	EndGlobalSection
	GlobalSection(ExtensibilityGlobals) = postSolution
		SolutionGuid = {57C0672B-3002-4242-9A16-8C96BE3C73C5}
	EndGlobalSection
EndGlobal
